
Microsoft Visual Studio Solution File, Format Version 12.00
# Visual Studio Version 17
VisualStudioVersion = 17.0.31903.59
MinimumVisualStudioVersion = 10.0.40219.1
Project("{FAE04EC0-301F-11D3-BF4B-00C04F79EFBC}") = "doctrine-api", "doctrine-api\doctrine-api.csproj", "{1D0C7DF8-2ABE-4687-9F90-B7A2F278CCC4}"
EndProject
Project("{FAE04EC0-301F-11D3-BF4B-00C04F79EFBC}") = "doctrine-xunit", "doctrine-xunit\doctrine-xunit.csproj", "{36CDF67B-D2B5-4112-A7C0-DEB1EEE4A98F}"
EndProject
Global
	GlobalSection(SolutionConfigurationPlatforms) = preSolution
		Debug|Any CPU = Debug|Any CPU
		Release|Any CPU = Release|Any CPU
	EndGlobalSection
	GlobalSection(SolutionProperties) = preSolution
		HideSolutionNode = FALSE
	EndGlobalSection
	GlobalSection(ProjectConfigurationPlatforms) = postSolution
		{1D0C7DF8-2ABE-4687-9F90-B7A2F278CCC4}.Debug|Any CPU.ActiveCfg = Debug|Any CPU
		{1D0C7DF8-2ABE-4687-9F90-B7A2F278CCC4}.Debug|Any CPU.Build.0 = Debug|Any CPU
		{1D0C7DF8-2ABE-4687-9F90-B7A2F278CCC4}.Release|Any CPU.ActiveCfg = Release|Any CPU
		{1D0C7DF8-2ABE-4687-9F90-B7A2F278CCC4}.Release|Any CPU.Build.0 = Release|Any CPU
		{36CDF67B-D2B5-4112-A7C0-DEB1EEE4A98F}.Debug|Any CPU.ActiveCfg = Debug|Any CPU
		{36CDF67B-D2B5-4112-A7C0-DEB1EEE4A98F}.Debug|Any CPU.Build.0 = Debug|Any CPU
		{36CDF67B-D2B5-4112-A7C0-DEB1EEE4A98F}.Release|Any CPU.ActiveCfg = Release|Any CPU
		{36CDF67B-D2B5-4112-A7C0-DEB1EEE4A98F}.Release|Any CPU.Build.0 = Release|Any CPU
	EndGlobalSection
EndGlobal
